Microsoft Visual Studio Solution File, Format Version 12.00
# Visual Studio 15
VisualStudioVersion = 15.0.28307.645
MinimumVisualStudioVersion = 10.0.40219.1
Project("{9A19103F-16F7-4668-BE54-9A1E7A4F7556}") = "BelaSopa", "App\BelaSopa.csproj", "{B7CF4424-ECB2-4F92-96D4-B415F60906DD}"
EndProject
Global
	GlobalSection(SolutionConfigurationPlatforms) = preSolution
		Debug|Any CPU = Debug|Any CPU
		Release|Any CPU = Release|Any CPU
	EndGlobalSection
	GlobalSection(ProjectConfigurationPlatforms) = postSolution
		{B7CF4424-ECB2-4F92-96D4-B415F60906DD}.Debug|Any CPU.ActiveCfg = Debug|Any CPU
		{B7CF4424-ECB2-4F92-96D4-B415F60906DD}.Debug|Any CPU.Build.0 = Debug|Any CPU
		{B7CF4424-ECB2-4F92-96D4-B415F60906DD}.Release|Any CPU.ActiveCfg = Release|Any CPU
		{B7CF4424-ECB2-4F92-96D4-B415F60906DD}.Release|Any CPU.Build.0 = Release|Any CPU
	EndGlobalSection
	GlobalSection(SolutionProperties) = preSolution
		HideSolutionNode = FALSE
	EndGlobalSection
	GlobalSection(ExtensibilityGlobals) = postSolution
		SolutionGuid = {79732225-312A-4641-93CA-5CBC275CE416}
	EndGlobalSection
EndGlobal
